<?xml version="1.0" encoding="utf-8"?>
<Project ToolsVersion="4.0" xmlns="http://schemas.microsoft.com/developer/msbuild/2003">
  <ItemGroup>
    <ClCompile Include="..\src\Game.cpp">
      <Filter>src</Filter>
    </ClCompile>
    <ClCompile Include="..\src\main.cpp">
      <Filter>src</Filter>
    </ClCompile>
    <ClCompile Include="..\src\State.cpp">
      <Filter>src</Filter>
    </ClCompile>
    <ClCompile Include="..\src\StateManager.cpp">
      <Filter>src</Filter>
    </ClCompile>
    <ClCompile Include="..\src\Engine.cpp">
      <Filter>src\GENERAL</Filter>
    </ClCompile>
    <ClCompile Include="..\src\ErrorHandler.cpp">
      <Filter>src\GENERAL</Filter>
    </ClCompile>
    <ClCompile Include="..\src\InputManager.cpp">
      <Filter>src\GENERAL</Filter>
    </ClCompile>
    <ClCompile Include="..\src\Presenter.cpp">
      <Filter>src\GENERAL</Filter>
    </ClCompile>
    <ClCompile Include="..\src\TitleScreen.cpp">
      <Filter>src\GENERAL</Filter>
    </ClCompile>
    <ClCompile Include="..\src\World.cpp">
      <Filter>src</Filter>
    </ClCompile>
    <ClCompile Include="..\src\Writer.cpp">
      <Filter>src\GENERAL</Filter>
    </ClCompile>
    <ClCompile Include="..\src\Button.cpp">
      <Filter>src</Filter>
    </ClCompile>
    <ClCompile Include="..\src\SoundManager.cpp">
      <Filter>src</Filter>
    </ClCompile>
    <ClCompile Include="..\src\Menu.cpp" />
    <ClCompile Include="..\src\WinScreen.cpp" />
    <ClCompile Include="..\src\Grid.cpp">
      <Filter>src</Filter>
    </ClCompile>
    <ClCompile Include="..\src\Entity.cpp">
      <Filter>src</Filter>
    </ClCompile>
    <ClCompile Include="..\src\ConfigManager.cpp">
      <Filter>src\GENERAL</Filter>
    </ClCompile>
    <ClCompile Include="..\src\InputField.cpp">
      <Filter>src</Filter>
    </ClCompile>
    <ClCompile Include="..\src\IFade.cpp">
      <Filter>src</Filter>
    </ClCompile>
  </ItemGroup>
  <ItemGroup>
    <ClInclude Include="..\include\State.h">
      <Filter>include</Filter>
    </ClInclude>
    <ClInclude Include="..\include\StateManager.h">
      <Filter>include</Filter>
    </ClInclude>
    <ClInclude Include="..\include\World.h">
      <Filter>include</Filter>
    </ClInclude>
    <ClInclude Include="..\include\Game.h">
      <Filter>include</Filter>
    </ClInclude>
    <ClInclude Include="..\include\defines.h">
      <Filter>include\GENERAL</Filter>
    </ClInclude>
    <ClInclude Include="..\include\Engine.h">
      <Filter>include\GENERAL</Filter>
    </ClInclude>
    <ClInclude Include="..\include\ErrorHandler.h">
      <Filter>include\GENERAL</Filter>
    </ClInclude>
    <ClInclude Include="..\include\Presenter.h">
      <Filter>include\GENERAL</Filter>
    </ClInclude>
    <ClInclude Include="..\include\InputManager.h">
      <Filter>include\GENERAL</Filter>
    </ClInclude>
    <ClInclude Include="..\include\TitleScreen.h">
      <Filter>include\GENERAL</Filter>
    </ClInclude>
    <ClInclude Include="..\include\Writer.h">
      <Filter>include\GENERAL</Filter>
    </ClInclude>
    <ClInclude Include="..\include\Button.h">
      <Filter>include</Filter>
    </ClInclude>
    <ClInclude Include="..\include\SoundManager.h">
      <Filter>include</Filter>
    </ClInclude>
    <ClInclude Include="..\include\Menu.h" />
    <ClInclude Include="..\include\WinScreen.h" />
    <ClInclude Include="..\include\Entity.h">
      <Filter>include</Filter>
    </ClInclude>
    <ClInclude Include="..\include\ConfigManager.h">
      <Filter>include\GENERAL</Filter>
    </ClInclude>
    <ClInclude Include="..\include\InputField.h">
      <Filter>include</Filter>
    </ClInclude>
    <ClInclude Include="..\include\IFade.h">
      <Filter>include</Filter>
    </ClInclude>
    <ClInclude Include="..\include\Grid.h">
      <Filter>include</Filter>
    </ClInclude>
  </ItemGroup>
  <ItemGroup>
    <Filter Include="include">
      <UniqueIdentifier>{cf603777-b17d-4bd2-82f9-260b11fa879b}</UniqueIdentifier>
    </Filter>
    <Filter Include="src">
      <UniqueIdentifier>{cac4efe5-7a94-414d-90a4-d49462c5eec1}</UniqueIdentifier>
    </Filter>
    <Filter Include="include\GENERAL">
      <UniqueIdentifier>{835394a7-eeed-4792-8288-9a58c324df1a}</UniqueIdentifier>
    </Filter>
    <Filter Include="src\GENERAL">
      <UniqueIdentifier>{b48517c3-c8bb-4500-8fbb-91b7de2d2349}</UniqueIdentifier>
    </Filter>
  </ItemGroup>
</Project>